
Microsoft Visual Studio Solution File, Format Version 12.00
# Visual Studio Version 17
VisualStudioVersion = 17.4.33103.184
MinimumVisualStudioVersion = 10.0.40219.1
Project("{FAE04EC0-301F-11D3-BF4B-00C04F79EFBC}") = "API_AJ", "API_AJ\API_AJ.csproj", "{05A266C9-CDAF-4EFA-BC73-88527AFF695B}"
EndProject
Global
	GlobalSection(SolutionConfigurationPlatforms) = preSolution
		Debug|Any CPU = Debug|Any CPU
		Release|Any CPU = Release|Any CPU
	EndGlobalSection
	GlobalSection(ProjectConfigurationPlatforms) = postSolution
		{05A266C9-CDAF-4EFA-BC73-88527AFF695B}.Debug|Any CPU.ActiveCfg = Debug|Any CPU
		{05A266C9-CDAF-4EFA-BC73-88527AFF695B}.Debug|Any CPU.Build.0 = Debug|Any CPU
		{05A266C9-CDAF-4EFA-BC73-88527AFF695B}.Release|Any CPU.ActiveCfg = Release|Any CPU
		{05A266C9-CDAF-4EFA-BC73-88527AFF695B}.Release|Any CPU.Build.0 = Release|Any CPU
	EndGlobalSection
	GlobalSection(SolutionProperties) = preSolution
		HideSolutionNode = FALSE
	EndGlobalSection
	GlobalSection(ExtensibilityGlobals) = postSolution
		SolutionGuid = {2E35820C-8E91-43CA-9118-1DD5349A4DF7}
	EndGlobalSection
EndGlobal
